{
	"name": "noirzen-theme",
	"version": "1.0.0",
	"lockfileVersion": 3,
	"requires": true,
	"packages": {
		"": {
			"name": "noirzen-theme",
			"version": "1.0.0",
			"dependencies": {
				"noirzen-theme": "file:"
			},
			"engines": {
				"vscode": "^1.0.0"
			}
		},
		"node_modules/noirzen-theme": {
			"resolved": "",
			"link": true
		}
	}
}
